
Microsoft Visual Studio Solution File, Format Version 12.00
# Visual Studio Version 17
VisualStudioVersion = 17.9.34616.47
MinimumVisualStudioVersion = 10.0.40219.1
Project("{FAE04EC0-301F-11D3-BF4B-00C04F79EFBC}") = "GYM management", "GYM management.csproj", "{27F967BF-3448-40AB-ADD0-5F7BADF36146}"
EndProject
Global
	GlobalSection(SolutionConfigurationPlatforms) = preSolution
		Debug|Any CPU = Debug|Any CPU
		Release|Any CPU = Release|Any CPU
	EndGlobalSection
	GlobalSection(ProjectConfigurationPlatforms) = postSolution
		{27F967BF-3448-40AB-ADD0-5F7BADF36146}.Debug|Any CPU.ActiveCfg = Debug|Any CPU
		{27F967BF-3448-40AB-ADD0-5F7BADF36146}.Debug|Any CPU.Build.0 = Debug|Any CPU
		{27F967BF-3448-40AB-ADD0-5F7BADF36146}.Release|Any CPU.ActiveCfg = Release|Any CPU
		{27F967BF-3448-40AB-ADD0-5F7BADF36146}.Release|Any CPU.Build.0 = Release|Any CPU
	EndGlobalSection
	GlobalSection(SolutionProperties) = preSolution
		HideSolutionNode = FALSE
	EndGlobalSection
	GlobalSection(ExtensibilityGlobals) = postSolution
		SolutionGuid = {8F5E0573-8C6E-49EA-AAA6-9B8759679FB0}
	EndGlobalSection
EndGlobal
